
Microsoft Visual Studio Solution File, Format Version 12.00
# Visual Studio Version 17
VisualStudioVersion = 17.9.34616.47
MinimumVisualStudioVersion = 10.0.40219.1
Project("{FAE04EC0-301F-11D3-BF4B-00C04F79EFBC}") = "FormsGiocoCarte", "FormsGiocoCarte\FormsGiocoCarte.csproj", "{DCEEE66B-8AF2-4CCD-9AFA-8189CC42F3F5}"
EndProject
Global
	GlobalSection(SolutionConfigurationPlatforms) = preSolution
		Debug|Any CPU = Debug|Any CPU
		Release|Any CPU = Release|Any CPU
	EndGlobalSection
	GlobalSection(ProjectConfigurationPlatforms) = postSolution
		{DCEEE66B-8AF2-4CCD-9AFA-8189CC42F3F5}.Debug|Any CPU.ActiveCfg = Debug|Any CPU
		{DCEEE66B-8AF2-4CCD-9AFA-8189CC42F3F5}.Debug|Any CPU.Build.0 = Debug|Any CPU
		{DCEEE66B-8AF2-4CCD-9AFA-8189CC42F3F5}.Release|Any CPU.ActiveCfg = Release|Any CPU
		{DCEEE66B-8AF2-4CCD-9AFA-8189CC42F3F5}.Release|Any CPU.Build.0 = Release|Any CPU
	EndGlobalSection
	GlobalSection(SolutionProperties) = preSolution
		HideSolutionNode = FALSE
	EndGlobalSection
	GlobalSection(ExtensibilityGlobals) = postSolution
		SolutionGuid = {854A2BCB-FBF5-43BD-B12C-D3B663493280}
	EndGlobalSection
EndGlobal
